
Microsoft Visual Studio Solution File, Format Version 12.00
# Visual Studio Version 17
VisualStudioVersion = 17.6.33723.286
MinimumVisualStudioVersion = 10.0.40219.1
Project("{FAE04EC0-301F-11D3-BF4B-00C04F79EFBC}") = "BlueskySharp", "BlueskySharp\BlueskySharp.csproj", "{29E71923-B2B9-4846-B191-F67B94B278C1}"
EndProject
Project("{FAE04EC0-301F-11D3-BF4B-00C04F79EFBC}") = "BlueskySharp.Tests", "BlueskySharp.Tests\BlueskySharp.Tests.csproj", "{633B52D1-F421-470C-A23E-4CA1C14EA882}"
EndProject
Global
	GlobalSection(SolutionConfigurationPlatforms) = preSolution
		Debug|Any CPU = Debug|Any CPU
		Release|Any CPU = Release|Any CPU
	EndGlobalSection
	GlobalSection(ProjectConfigurationPlatforms) = postSolution
		{29E71923-B2B9-4846-B191-F67B94B278C1}.Debug|Any CPU.ActiveCfg = Debug|Any CPU
		{29E71923-B2B9-4846-B191-F67B94B278C1}.Debug|Any CPU.Build.0 = Debug|Any CPU
		{29E71923-B2B9-4846-B191-F67B94B278C1}.Release|Any CPU.ActiveCfg = Release|Any CPU
		{29E71923-B2B9-4846-B191-F67B94B278C1}.Release|Any CPU.Build.0 = Release|Any CPU
		{633B52D1-F421-470C-A23E-4CA1C14EA882}.Debug|Any CPU.ActiveCfg = Debug|Any CPU
		{633B52D1-F421-470C-A23E-4CA1C14EA882}.Debug|Any CPU.Build.0 = Debug|Any CPU
		{633B52D1-F421-470C-A23E-4CA1C14EA882}.Release|Any CPU.ActiveCfg = Release|Any CPU
		{633B52D1-F421-470C-A23E-4CA1C14EA882}.Release|Any CPU.Build.0 = Release|Any CPU
	EndGlobalSection
	GlobalSection(SolutionProperties) = preSolution
		HideSolutionNode = FALSE
	EndGlobalSection
	GlobalSection(ExtensibilityGlobals) = postSolution
		SolutionGuid = {92E8ADEA-AA63-4978-A1C7-77DA0B3EBFEE}
	EndGlobalSection
EndGlobal
